#MicroXplorer Configuration settings - do not modify
PA11.GPIO_Speed=GPIO_SPEED_FREQ_MEDIUM
Mcu.Family=STM32L4
ProjectManager.MainLocation=Core/Src
PA15\ (JTDI).GPIOParameters=GPIO_Label
RCC.USART1Freq_Value=80000000
VP_SYS_VS_tim6.Mode=TIM6
RCC.SAI1Freq_Value=4571428.571428572
USART2.IPParameters=VirtualMode-Asynchronous
RCC.CortexFreq_Value=80000000
TIM2.Channel-Input_Capture1_from_TI1=TIM_CHANNEL_1
ProjectManager.KeepUserCode=true
Mcu.UserName=STM32L432KCUx
SPI1.VirtualType=VM_MASTER
NVIC.TIM6_DAC_IRQn=true\:0\:0\:false\:false\:true\:false\:false\:true
TIM1.IPParameters=Prescaler
RCC.PLLCLKFreq_Value=32000000
RCC.PLLSAI1RoutputFreq_Value=16000000
PA3.GPIO_PuPd=GPIO_PULLDOWN
PA0.GPIO_Label=HALL_SPEED
ProjectManager.functionlistsort=1-SystemClock_Config-RCC-false-HAL-true,2-MX_GPIO_Init-GPIO-false-HAL-true,3-MX_USART2_UART_Init-USART2-false-HAL-true,4-MX_TIM2_Init-TIM2-false-HAL-true,5-MX_RTC_Init-RTC-false-HAL-true,6-MX_TIM1_Init-TIM1-false-HAL-true,7-MX_SPI1_Init-SPI1-false-HAL-true
PA11.GPIOParameters=GPIO_Speed,GPIO_Label
PA13\ (JTMS-SWDIO).Locked=true
NVIC.EXTI3_IRQn=true\:5\:0\:false\:true\:true\:2\:true\:true\:true
VP_RTC_VS_RTC_Activate.Mode=RTC_Enabled
RCC.RTCFreq_Value=32000
PA3.GPIOParameters=GPIO_PuPd,GPIO_Label
RCC.USART2Freq_Value=80000000
PA15\ (JTDI).Signal=USART2_RX
VP_RTC_VS_RTC_Calendar.Signal=RTC_VS_RTC_Calendar
RCC.48CLKFreq_Value=24000000
PA2.GPIOParameters=GPIO_Label
PinOutPanel.RotationAngle=0
RCC.MCO1PinFreq_Value=80000000
RCC.SYSCLKSource=RCC_SYSCLKSOURCE_PLLCLK
ProjectManager.StackSize=0x400
PB3\ (JTDO-TRACESWO).Signal=GPIO_Output
VP_FREERTOS_VS_CMSIS_V2.Mode=CMSIS_V2
PA14\ (JTCK-SWCLK).Signal=SYS_JTCK-SWCLK
RCC.I2C3Freq_Value=80000000
RCC.LPTIM1Freq_Value=80000000
Mcu.IP4=SPI1
RCC.FCLKCortexFreq_Value=80000000
Mcu.IP5=SYS
NVIC.SVCall_IRQn=true\:0\:0\:false\:false\:false\:false\:false\:false
Mcu.IP2=RCC
Mcu.IP3=RTC
Mcu.IP0=FREERTOS
PA15\ (JTDI).Mode=Asynchronous
Mcu.IP1=NVIC
PA12.Signal=SPI1_MOSI
SH.GPXTI3.ConfNb=1
TIM1.Prescaler=40
SPI1.CLKPolarity=SPI_POLARITY_LOW
Mcu.UserConstants=
RCC.VCOSAI1OutputFreq_Value=32000000
TIM2.ICPolarity_CH1=TIM_INPUTCHANNELPOLARITY_FALLING
TIM2.ICPrescaler-Input_Capture1_from_TI1=TIM_ICPSC_DIV1
PA14\ (JTCK-SWCLK).GPIOParameters=GPIO_Label
Mcu.ThirdPartyNb=0
SPI1.Direction=SPI_DIRECTION_1LINE
RCC.HCLKFreq_Value=80000000
Mcu.IPNb=9
TIM2.IPParameters=Channel-Input_Capture1_from_TI1,Prescaler,Period,AutoReloadPreload,ICPolarity_CH1,ICPrescaler-Input_Capture1_from_TI1
ProjectManager.PreviousToolchain=TrueSTUDIO
RCC.APB2TimFreq_Value=80000000
SPI1.CalculateBaudRate=10.0 MBits/s
PA8.GPIOParameters=GPIO_Speed,GPIO_Label
Mcu.Pin6=PA7
Mcu.Pin7=PA8
VP_TIM2_VS_ClockSourceINT.Signal=TIM2_VS_ClockSourceINT
Mcu.Pin8=PA11
Mcu.Pin9=PA12
FREERTOS.IPParameters=Tasks01
RCC.AHBFreq_Value=80000000
Mcu.Pin0=PA0
Mcu.Pin1=PA1
GPIO.groupedBy=Group By Peripherals
Mcu.Pin2=PA2
Mcu.Pin3=PA3
RCC.USART3Freq_Value=16000000
Mcu.Pin4=PA4
Mcu.Pin5=PA5
ProjectManager.ProjectBuild=false
RCC.HSE_VALUE=8000000
NVIC.UsageFault_IRQn=true\:0\:0\:false\:false\:true\:false\:false\:false
NVIC.DebugMonitor_IRQn=true\:0\:0\:false\:false\:true\:false\:false\:false
PA8.Locked=true
PA4.Locked=true
USART2.VirtualMode-Asynchronous=VM_ASYNC
NVIC.SysTick_IRQn=true\:15\:0\:true\:false\:false\:true\:true\:true
RCC.PLLMUL=RCC_PLLMUL_4
ProjectManager.FirmwarePackage=STM32Cube FW_L4 V1.16.0
MxDb.Version=DB.6.0.10
ProjectManager.BackupPrevious=false
RCC.VCOInputFreq_Value=4000000
NVIC.TIM2_IRQn=true\:5\:0\:false\:true\:true\:1\:true\:true\:true
SPI1.DataSize=SPI_DATASIZE_8BIT
File.Version=6
SH.S_TIM2_CH1.ConfNb=1
PA8.Signal=GPIO_Output
RCC.PLLRCLKFreq_Value=80000000
NVIC.PendSV_IRQn=true\:15\:0\:false\:false\:false\:true\:false\:false
ProjectManager.HalAssertFull=false
VP_TIM1_VS_ClockSourceINT.Mode=Internal
ProjectManager.ProjectName=evAnalyst
PA0.Signal=S_TIM2_CH1
Mcu.Package=UFQFPN32
TIM2.Prescaler=1000
PA5.Locked=true
PA7.Locked=true
NVIC.TimeBase=TIM6_DAC_IRQn
ProjectManager.ToolChainLocation=
PA2.GPIO_Label=VCP_TX
RCC.LSI_VALUE=32000
NVIC.TimeBaseIP=TIM6
RCC.LSCOPinFreq_Value=32000
VP_RTC_VS_RTC_Calendar.Mode=RTC_Calendar
PA5.GPIOParameters=GPIO_Speed,GPIO_Label
RCC.PLLPoutputFreq_Value=22857142.85714286
RCC.APB1TimFreq_Value=80000000
NVIC.BusFault_IRQn=true\:0\:0\:false\:false\:true\:false\:false\:false
RCC.LPUART1Freq_Value=80000000
PA13\ (JTMS-SWDIO).Signal=SYS_JTMS-SWDIO
SPI1.BaudRatePrescaler=SPI_BAUDRATEPRESCALER_8
PA13\ (JTMS-SWDIO).GPIOParameters=GPIO_Label
PA4.GPIO_Label=BTN2
PA8.GPIO_Speed=GPIO_SPEED_FREQ_MEDIUM
ProjectManager.CustomerFirmwarePackage=
RCC.HSI48_VALUE=48000000
RCC.LPTIMFreq_Value=32000000
PB3\ (JTDO-TRACESWO).Locked=true
PA3.Signal=GPXTI3
RCC.TIMFreq_Value=32000000
PA2.Locked=true
VP_RTC_VS_RTC_Activate.Signal=RTC_VS_RTC_Activate
RCC.MSI_VALUE=4000000
PA14\ (JTCK-SWCLK).Mode=Serial_Wire
NVIC.EXTI4_IRQn=true\:5\:0\:false\:true\:true\:3\:true\:true\:true
RCC.PLLQoutputFreq_Value=80000000
ProjectManager.ProjectFileName=evAnalyst.ioc
SH.S_TIM2_CH1.0=TIM2_CH1,Input_Capture1_from_TI1
FREERTOS.Tasks01=defaultTask,24,128,StartDefaultTask,Default,NULL,Dynamic,NULL,NULL
Mcu.PinsNb=20
ProjectManager.NoMain=false
SPI1.IPParameters=VirtualType,Mode,Direction,DataSize,CLKPolarity,CLKPhase,CalculateBaudRate,BaudRatePrescaler,NSSPMode
NVIC.SavedSvcallIrqHandlerGenerated=true
RCC.LPUARTFreq_Value=32000000
RCC.SWPMI1Freq_Value=80000000
PA11.GPIO_Label=OLED_DC
ProjectManager.DefaultFWLocation=true
SPI1.CLKPhase=SPI_PHASE_1EDGE
PA14\ (JTCK-SWCLK).GPIO_Label=SWCLK
PB3\ (JTDO-TRACESWO).GPIO_Label=GREEN_LED
ProjectManager.DeletePrevious=true
RCC.TimerFreq_Value=32000000
boardIOC=true
RCC.FamilyName=M
RCC.WatchDogFreq_Value=32000
PA0.GPIO_Speed=GPIO_SPEED_FREQ_MEDIUM
RCC.HSI16_VALUE=16000000
PA11.Locked=true
PA8.GPIO_Label=OLED_nCS
ProjectManager.TargetToolchain=TrueSTUDIO
VP_TIM1_VS_ClockSourceINT.Signal=TIM1_VS_ClockSourceINT
ProjectManager.RegisterCallBack=
RCC.USBFreq_Value=16000000
RCC.LSE_VALUE=32768
PA1.Signal=SPI1_SCK
RCC.PLLSAI1PoutputFreq_Value=4571428.571428572
PA5.Signal=GPIO_Output
RCC.MCOPinFreq_Value=32000000
board=NUCLEO-L432KC
SH.GPXTI3.0=GPIO_EXTI3
RCC.VCOOutputFreq_Value=160000000
ProjectManager.LastFirmware=true
VP_SYS_VS_tim6.Signal=SYS_VS_tim6
NVIC.SavedSystickIrqHandlerGenerated=true
RCC.APB2Freq_Value=80000000
PA1.Mode=Simplex_Bidirectional_Master
MxCube.Version=6.1.0
PB3\ (JTDO-TRACESWO).GPIOParameters=GPIO_Label
PA13\ (JTMS-SWDIO).GPIO_Label=SWDIO
VP_TIM2_VS_ClockSourceINT.Mode=Internal
RCC.I2C1Freq_Value=80000000
SPI1.Mode=SPI_MODE_MASTER
RCC.LCDFreq_Value=37000
RCC.RNGFreq_Value=16000000
RCC.PLLSAI1QoutputFreq_Value=16000000
RCC.ADCFreq_Value=16000000
NVIC.NonMaskableInt_IRQn=true\:0\:0\:false\:false\:true\:false\:false\:false
PA4.GPIOParameters=GPIO_Label
TIM2.Period=19999
ProjectManager.FreePins=true
PA15\ (JTDI).GPIO_Label=VCP_RX
RCC.IPParameters=48CLKFreq_Value,ADCFreq_Value,AHBFreq_Value,APB1Freq_Value,APB1TimFreq_Value,APB2Freq_Value,APB2TimFreq_Value,CortexFreq_Value,FCLKCortexFreq_Value,FamilyName,HCLKFreq_Value,HSE_VALUE,HSI16_VALUE,HSI48_VALUE,HSI_VALUE,I2C1Freq_Value,I2C2Freq_Value,I2C3Freq_Value,LCDFreq_Value,LPTIM1Freq_Value,LPTIM2Freq_Value,LPTIMFreq_Value,LPUART1Freq_Value,LPUARTFreq_Value,LSCOPinFreq_Value,LSE_VALUE,LSI_VALUE,MCO1PinFreq_Value,MCOPinFreq_Value,MSI_VALUE,PLLCLKFreq_Value,PLLMUL,PLLN,PLLPoutputFreq_Value,PLLQoutputFreq_Value,PLLRCLKFreq_Value,PLLSAI1PoutputFreq_Value,PLLSAI1QoutputFreq_Value,PLLSAI1RoutputFreq_Value,PWRFreq_Value,RNGFreq_Value,RTCFreq_Value,RTCHSEDivFreq_Value,SAI1Freq_Value,SWPMI1Freq_Value,SYSCLKFreq_VALUE,SYSCLKSource,TIMFreq_Value,TimerFreq_Value,USART1Freq_Value,USART2Freq_Value,USART3Freq_Value,USBFreq_Value,VCOInputFreq_Value,VCOOutputFreq_Value,VCOSAI1OutputFreq_Value,WatchDogFreq_Value
ProjectManager.AskForMigrate=true
Mcu.Name=STM32L432K(B-C)Ux
RCC.LPTIM2Freq_Value=80000000
NVIC.SavedPendsvIrqHandlerGenerated=true
RCC.RTCHSEDivFreq_Value=4000000
SPI1.NSSPMode=SPI_NSS_PULSE_DISABLE
PA2.Signal=USART2_TX
ProjectManager.UnderRoot=false
Mcu.IP8=USART2
VP_FREERTOS_VS_CMSIS_V2.Signal=FREERTOS_VS_CMSIS_V2
Mcu.IP6=TIM1
Mcu.IP7=TIM2
ProjectManager.CoupleFile=true
PA13\ (JTMS-SWDIO).Mode=Serial_Wire
PA4.Signal=GPXTI4
RCC.SYSCLKFreq_VALUE=80000000
PA7.GPIO_Label=DS18B20
PA3.Locked=true
SH.GPXTI4.0=GPIO_EXTI4
PA12.Mode=Simplex_Bidirectional_Master
PA5.GPIO_Label=OLED_RES
PA14\ (JTCK-SWCLK).Locked=true
NVIC.ForceEnableDMAVector=true
KeepUserPlacement=true
NVIC.MemoryManagement_IRQn=true\:0\:0\:false\:false\:true\:false\:false\:false
ProjectManager.CompilerOptimize=6
PA11.Signal=GPIO_Output
ProjectManager.HeapSize=0x200
PA0.GPIOParameters=GPIO_Speed,GPIO_Label
Mcu.Pin15=VP_RTC_VS_RTC_Activate
NVIC.HardFault_IRQn=true\:0\:0\:false\:false\:true\:false\:false\:false
Mcu.Pin16=VP_RTC_VS_RTC_Calendar
SH.GPXTI4.ConfNb=1
Mcu.Pin13=PB3 (JTDO-TRACESWO)
Mcu.Pin14=VP_FREERTOS_VS_CMSIS_V2
Mcu.Pin19=VP_TIM2_VS_ClockSourceINT
ProjectManager.ComputerToolchain=false
Mcu.Pin17=VP_SYS_VS_tim6
RCC.HSI_VALUE=16000000
Mcu.Pin18=VP_TIM1_VS_ClockSourceINT
PA5.GPIO_Speed=GPIO_SPEED_FREQ_MEDIUM
NVIC.PriorityGroup=NVIC_PRIORITYGROUP_4
Mcu.Pin11=PA14 (JTCK-SWCLK)
Mcu.Pin12=PA15 (JTDI)
RCC.PLLN=40
Mcu.Pin10=PA13 (JTMS-SWDIO)
PA2.Mode=Asynchronous
TIM2.AutoReloadPreload=TIM_AUTORELOAD_PRELOAD_ENABLE
RCC.PWRFreq_Value=80000000
PA15\ (JTDI).Locked=true
RCC.I2C2Freq_Value=16000000
RCC.APB1Freq_Value=80000000
PA7.GPIOParameters=GPIO_Label
ProjectManager.DeviceId=STM32L432KCUx
ProjectManager.LibraryCopy=1
PA3.GPIO_Label=BTN1
PA7.Signal=GPIO_Output
